
Microsoft Visual Studio Solution File, Format Version 12.00
# Visual Studio Version 16
VisualStudioVersion = 16.0.29326.143
MinimumVisualStudioVersion = 10.0.40219.1
Project("{2150E333-8FDC-42A3-9474-1A3956D46DE8}") = "Easy", "Easy", "{1520D2AD-3757-49B3-B53D-32B3AC76AD31}"
EndProject
Project("{2150E333-8FDC-42A3-9474-1A3956D46DE8}") = "Medium", "Medium", "{C266EBD4-5CBF-4702-849B-586945E09881}"
EndProject
Project("{2150E333-8FDC-42A3-9474-1A3956D46DE8}") = "Hard", "Hard", "{0D935C2A-7847-4A70-A026-7E5EEE25E0D5}"
EndProject
Project("{FAE04EC0-301F-11D3-BF4B-00C04F79EFBC}") = "232-QueueWithStacks", "232-QueueWithStacks\232-QueueWithStacks.csproj", "{8AD846E8-7248-4087-A6DD-2A570D478DA7}"
EndProject
Project("{FAE04EC0-301F-11D3-BF4B-00C04F79EFBC}") = "191-NumberOf1Bits", "191-NumberOf1Bits\191-NumberOf1Bits.csproj", "{3515C4A9-FC94-43F7-9E07-EDD674D05D45}"
EndProject
Project("{FAE04EC0-301F-11D3-BF4B-00C04F79EFBC}") = "415-AddStrings", "415-AddStrings\415-AddStrings.csproj", "{4B353B9D-C5E3-4258-8BAA-A01CAD29BF43}"
EndProject
Project("{FAE04EC0-301F-11D3-BF4B-00C04F79EFBC}") = "53-MaximumSubarray", "53-MaximumSubarray\53-MaximumSubarray.csproj", "{C57C15FA-3AF5-422F-8929-355542B588F0}"
EndProject
Project("{FAE04EC0-301F-11D3-BF4B-00C04F79EFBC}") = "594-LongestHarmoniousSubsequence", "594-LongestHarmoniousSubsequence\594-LongestHarmoniousSubsequence.csproj", "{4A9CE048-742A-46E9-A2CB-36199315BAE8}"
EndProject
Project("{FAE04EC0-301F-11D3-BF4B-00C04F79EFBC}") = "1-TwoSum", "1-TwoSum\1-TwoSum.csproj", "{9AE0C19F-84FC-4338-8276-EC6AED942766}"
EndProject
Project("{FAE04EC0-301F-11D3-BF4B-00C04F79EFBC}") = "101-SymmetricTree", "101-SymmetricTree\101-SymmetricTree.csproj", "{4E33D91F-DB2D-4A5A-B4F1-CCD0E85ABCA8}"
EndProject
Project("{FAE04EC0-301F-11D3-BF4B-00C04F79EFBC}") = "744-FindSmallestLetterGreaterThanTarget", "744-FindSmallestLetterGreaterThanTarget\744-FindSmallestLetterGreaterThanTarget.csproj", "{28332A6A-AEA9-4005-A852-D14D24310F2F}"
EndProject
Project("{FAE04EC0-301F-11D3-BF4B-00C04F79EFBC}") = "437-PathSumIII", "437-PathSumIII\437-PathSumIII.csproj", "{4769C002-D4FA-4ED7-AD70-17DE05BDACA8}"
EndProject
Project("{FAE04EC0-301F-11D3-BF4B-00C04F79EFBC}") = "83-RemoveDuplicatesFromSortedList", "83-RemoveDuplicatesFromSortedList\83-RemoveDuplicatesFromSortedList.csproj", "{7109B35A-0C96-427D-83C3-196DC4EBE3F6}"
EndProject
Project("{FAE04EC0-301F-11D3-BF4B-00C04F79EFBC}") = "671-SecondMinimumNodeInBinaryTree", "671-SecondMinimumNodeInBinaryTree\671-SecondMinimumNodeInBinaryTree.csproj", "{02C3C5E1-1548-4056-B751-95C6BF442307}"
EndProject
Project("{FAE04EC0-301F-11D3-BF4B-00C04F79EFBC}") = "26-RemoveDuplicatesFromSortedArray", "26-RemoveDuplicatesFromSortedArray\26-RemoveDuplicatesFromSortedArray.csproj", "{48A2EC1E-3B34-4A07-9678-61C53A9EC9F9}"
EndProject
Project("{FAE04EC0-301F-11D3-BF4B-00C04F79EFBC}") = "724-FindPivotIndex", "724-FindPivotIndex\724-FindPivotIndex.csproj", "{8FCE36A1-3041-4CDF-9570-9B139DE25AA4}"
EndProject
Project("{FAE04EC0-301F-11D3-BF4B-00C04F79EFBC}") = "190-ReverseBits", "190-ReverseBits\190-ReverseBits.csproj", "{2E8B7B13-DB69-46BF-AA1C-BF740D50CB55}"
EndProject
Project("{FAE04EC0-301F-11D3-BF4B-00C04F79EFBC}") = "414-ThirdMaximumNumber", "414-ThirdMaximumNumber\414-ThirdMaximumNumber.csproj", "{07C3167C-38C3-4490-ADBC-DBD17B58913B}"
EndProject
Project("{FAE04EC0-301F-11D3-BF4B-00C04F79EFBC}") = "859-BuddyStrings", "859-BuddyStrings\859-BuddyStrings.csproj", "{A970BCB9-6843-4DA8-8D7F-196098A17FF8}"
EndProject
Project("{FAE04EC0-301F-11D3-BF4B-00C04F79EFBC}") = "7-ReverseInteger", "7-ReverseInteger\7-ReverseInteger.csproj", "{B8572C92-9C84-4270-A1C0-943A22FB1D87}"
EndProject
Project("{FAE04EC0-301F-11D3-BF4B-00C04F79EFBC}") = "707-DesignLinkedList", "707-DesignLinkedList\707-DesignLinkedList.csproj", "{C226CCE2-D366-4C45-BEDA-8ADA804B5FB9}"
EndProject
Project("{FAE04EC0-301F-11D3-BF4B-00C04F79EFBC}") = "665-NonDecreasingArray", "665-NonDecreasingArray\665-NonDecreasingArray.csproj", "{9D32872C-3BF4-4065-9EC1-09A09D67C54A}"
EndProject
Global
	GlobalSection(SolutionConfigurationPlatforms) = preSolution
		Debug|Any CPU = Debug|Any CPU
		Release|Any CPU = Release|Any CPU
	EndGlobalSection
	GlobalSection(ProjectConfigurationPlatforms) = postSolution
		{8AD846E8-7248-4087-A6DD-2A570D478DA7}.Debug|Any CPU.ActiveCfg = Debug|Any CPU
		{8AD846E8-7248-4087-A6DD-2A570D478DA7}.Debug|Any CPU.Build.0 = Debug|Any CPU
		{8AD846E8-7248-4087-A6DD-2A570D478DA7}.Release|Any CPU.ActiveCfg = Release|Any CPU
		{8AD846E8-7248-4087-A6DD-2A570D478DA7}.Release|Any CPU.Build.0 = Release|Any CPU
		{3515C4A9-FC94-43F7-9E07-EDD674D05D45}.Debug|Any CPU.ActiveCfg = Debug|Any CPU
		{3515C4A9-FC94-43F7-9E07-EDD674D05D45}.Debug|Any CPU.Build.0 = Debug|Any CPU
		{3515C4A9-FC94-43F7-9E07-EDD674D05D45}.Release|Any CPU.ActiveCfg = Release|Any CPU
		{3515C4A9-FC94-43F7-9E07-EDD674D05D45}.Release|Any CPU.Build.0 = Release|Any CPU
		{4B353B9D-C5E3-4258-8BAA-A01CAD29BF43}.Debug|Any CPU.ActiveCfg = Debug|Any CPU
		{4B353B9D-C5E3-4258-8BAA-A01CAD29BF43}.Debug|Any CPU.Build.0 = Debug|Any CPU
		{4B353B9D-C5E3-4258-8BAA-A01CAD29BF43}.Release|Any CPU.ActiveCfg = Release|Any CPU
		{4B353B9D-C5E3-4258-8BAA-A01CAD29BF43}.Release|Any CPU.Build.0 = Release|Any CPU
		{C57C15FA-3AF5-422F-8929-355542B588F0}.Debug|Any CPU.ActiveCfg = Debug|Any CPU
		{C57C15FA-3AF5-422F-8929-355542B588F0}.Debug|Any CPU.Build.0 = Debug|Any CPU
		{C57C15FA-3AF5-422F-8929-355542B588F0}.Release|Any CPU.ActiveCfg = Release|Any CPU
		{C57C15FA-3AF5-422F-8929-355542B588F0}.Release|Any CPU.Build.0 = Release|Any CPU
		{4A9CE048-742A-46E9-A2CB-36199315BAE8}.Debug|Any CPU.ActiveCfg = Debug|Any CPU
		{4A9CE048-742A-46E9-A2CB-36199315BAE8}.Debug|Any CPU.Build.0 = Debug|Any CPU
		{4A9CE048-742A-46E9-A2CB-36199315BAE8}.Release|Any CPU.ActiveCfg = Release|Any CPU
		{4A9CE048-742A-46E9-A2CB-36199315BAE8}.Release|Any CPU.Build.0 = Release|Any CPU
		{9AE0C19F-84FC-4338-8276-EC6AED942766}.Debug|Any CPU.ActiveCfg = Debug|Any CPU
		{9AE0C19F-84FC-4338-8276-EC6AED942766}.Debug|Any CPU.Build.0 = Debug|Any CPU
		{9AE0C19F-84FC-4338-8276-EC6AED942766}.Release|Any CPU.ActiveCfg = Release|Any CPU
		{9AE0C19F-84FC-4338-8276-EC6AED942766}.Release|Any CPU.Build.0 = Release|Any CPU
		{4E33D91F-DB2D-4A5A-B4F1-CCD0E85ABCA8}.Debug|Any CPU.ActiveCfg = Debug|Any CPU
		{4E33D91F-DB2D-4A5A-B4F1-CCD0E85ABCA8}.Debug|Any CPU.Build.0 = Debug|Any CPU
		{4E33D91F-DB2D-4A5A-B4F1-CCD0E85ABCA8}.Release|Any CPU.ActiveCfg = Release|Any CPU
		{4E33D91F-DB2D-4A5A-B4F1-CCD0E85ABCA8}.Release|Any CPU.Build.0 = Release|Any CPU
		{28332A6A-AEA9-4005-A852-D14D24310F2F}.Debug|Any CPU.ActiveCfg = Debug|Any CPU
		{28332A6A-AEA9-4005-A852-D14D24310F2F}.Debug|Any CPU.Build.0 = Debug|Any CPU
		{28332A6A-AEA9-4005-A852-D14D24310F2F}.Release|Any CPU.ActiveCfg = Release|Any CPU
		{28332A6A-AEA9-4005-A852-D14D24310F2F}.Release|Any CPU.Build.0 = Release|Any CPU
		{4769C002-D4FA-4ED7-AD70-17DE05BDACA8}.Debug|Any CPU.ActiveCfg = Debug|Any CPU
		{4769C002-D4FA-4ED7-AD70-17DE05BDACA8}.Debug|Any CPU.Build.0 = Debug|Any CPU
		{4769C002-D4FA-4ED7-AD70-17DE05BDACA8}.Release|Any CPU.ActiveCfg = Release|Any CPU
		{4769C002-D4FA-4ED7-AD70-17DE05BDACA8}.Release|Any CPU.Build.0 = Release|Any CPU
		{7109B35A-0C96-427D-83C3-196DC4EBE3F6}.Debug|Any CPU.ActiveCfg = Debug|Any CPU
		{7109B35A-0C96-427D-83C3-196DC4EBE3F6}.Debug|Any CPU.Build.0 = Debug|Any CPU
		{7109B35A-0C96-427D-83C3-196DC4EBE3F6}.Release|Any CPU.ActiveCfg = Release|Any CPU
		{7109B35A-0C96-427D-83C3-196DC4EBE3F6}.Release|Any CPU.Build.0 = Release|Any CPU
		{02C3C5E1-1548-4056-B751-95C6BF442307}.Debug|Any CPU.ActiveCfg = Debug|Any CPU
		{02C3C5E1-1548-4056-B751-95C6BF442307}.Debug|Any CPU.Build.0 = Debug|Any CPU
		{02C3C5E1-1548-4056-B751-95C6BF442307}.Release|Any CPU.ActiveCfg = Release|Any CPU
		{02C3C5E1-1548-4056-B751-95C6BF442307}.Release|Any CPU.Build.0 = Release|Any CPU
		{48A2EC1E-3B34-4A07-9678-61C53A9EC9F9}.Debug|Any CPU.ActiveCfg = Debug|Any CPU
		{48A2EC1E-3B34-4A07-9678-61C53A9EC9F9}.Debug|Any CPU.Build.0 = Debug|Any CPU
		{48A2EC1E-3B34-4A07-9678-61C53A9EC9F9}.Release|Any CPU.ActiveCfg = Release|Any CPU
		{48A2EC1E-3B34-4A07-9678-61C53A9EC9F9}.Release|Any CPU.Build.0 = Release|Any CPU
		{8FCE36A1-3041-4CDF-9570-9B139DE25AA4}.Debug|Any CPU.ActiveCfg = Debug|Any CPU
		{8FCE36A1-3041-4CDF-9570-9B139DE25AA4}.Debug|Any CPU.Build.0 = Debug|Any CPU
		{8FCE36A1-3041-4CDF-9570-9B139DE25AA4}.Release|Any CPU.ActiveCfg = Release|Any CPU
		{8FCE36A1-3041-4CDF-9570-9B139DE25AA4}.Release|Any CPU.Build.0 = Release|Any CPU
		{2E8B7B13-DB69-46BF-AA1C-BF740D50CB55}.Debug|Any CPU.ActiveCfg = Debug|Any CPU
		{2E8B7B13-DB69-46BF-AA1C-BF740D50CB55}.Debug|Any CPU.Build.0 = Debug|Any CPU
		{2E8B7B13-DB69-46BF-AA1C-BF740D50CB55}.Release|Any CPU.ActiveCfg = Release|Any CPU
		{2E8B7B13-DB69-46BF-AA1C-BF740D50CB55}.Release|Any CPU.Build.0 = Release|Any CPU
		{07C3167C-38C3-4490-ADBC-DBD17B58913B}.Debug|Any CPU.ActiveCfg = Debug|Any CPU
		{07C3167C-38C3-4490-ADBC-DBD17B58913B}.Debug|Any CPU.Build.0 = Debug|Any CPU
		{07C3167C-38C3-4490-ADBC-DBD17B58913B}.Release|Any CPU.ActiveCfg = Release|Any CPU
		{07C3167C-38C3-4490-ADBC-DBD17B58913B}.Release|Any CPU.Build.0 = Release|Any CPU
		{A970BCB9-6843-4DA8-8D7F-196098A17FF8}.Debug|Any CPU.ActiveCfg = Debug|Any CPU
		{A970BCB9-6843-4DA8-8D7F-196098A17FF8}.Debug|Any CPU.Build.0 = Debug|Any CPU
		{A970BCB9-6843-4DA8-8D7F-196098A17FF8}.Release|Any CPU.ActiveCfg = Release|Any CPU
		{A970BCB9-6843-4DA8-8D7F-196098A17FF8}.Release|Any CPU.Build.0 = Release|Any CPU
		{B8572C92-9C84-4270-A1C0-943A22FB1D87}.Debug|Any CPU.ActiveCfg = Debug|Any CPU
		{B8572C92-9C84-4270-A1C0-943A22FB1D87}.Debug|Any CPU.Build.0 = Debug|Any CPU
		{B8572C92-9C84-4270-A1C0-943A22FB1D87}.Release|Any CPU.ActiveCfg = Release|Any CPU
		{B8572C92-9C84-4270-A1C0-943A22FB1D87}.Release|Any CPU.Build.0 = Release|Any CPU
		{C226CCE2-D366-4C45-BEDA-8ADA804B5FB9}.Debug|Any CPU.ActiveCfg = Debug|Any CPU
		{C226CCE2-D366-4C45-BEDA-8ADA804B5FB9}.Debug|Any CPU.Build.0 = Debug|Any CPU
		{C226CCE2-D366-4C45-BEDA-8ADA804B5FB9}.Release|Any CPU.ActiveCfg = Release|Any CPU
		{C226CCE2-D366-4C45-BEDA-8ADA804B5FB9}.Release|Any CPU.Build.0 = Release|Any CPU
		{9D32872C-3BF4-4065-9EC1-09A09D67C54A}.Debug|Any CPU.ActiveCfg = Debug|Any CPU
		{9D32872C-3BF4-4065-9EC1-09A09D67C54A}.Debug|Any CPU.Build.0 = Debug|Any CPU
		{9D32872C-3BF4-4065-9EC1-09A09D67C54A}.Release|Any CPU.ActiveCfg = Release|Any CPU
		{9D32872C-3BF4-4065-9EC1-09A09D67C54A}.Release|Any CPU.Build.0 = Release|Any CPU
	EndGlobalSection
	GlobalSection(SolutionProperties) = preSolution
		HideSolutionNode = FALSE
	EndGlobalSection
	GlobalSection(NestedProjects) = preSolution
		{8AD846E8-7248-4087-A6DD-2A570D478DA7} = {1520D2AD-3757-49B3-B53D-32B3AC76AD31}
		{3515C4A9-FC94-43F7-9E07-EDD674D05D45} = {1520D2AD-3757-49B3-B53D-32B3AC76AD31}
		{4B353B9D-C5E3-4258-8BAA-A01CAD29BF43} = {1520D2AD-3757-49B3-B53D-32B3AC76AD31}
		{C57C15FA-3AF5-422F-8929-355542B588F0} = {1520D2AD-3757-49B3-B53D-32B3AC76AD31}
		{4A9CE048-742A-46E9-A2CB-36199315BAE8} = {1520D2AD-3757-49B3-B53D-32B3AC76AD31}
		{9AE0C19F-84FC-4338-8276-EC6AED942766} = {1520D2AD-3757-49B3-B53D-32B3AC76AD31}
		{4E33D91F-DB2D-4A5A-B4F1-CCD0E85ABCA8} = {1520D2AD-3757-49B3-B53D-32B3AC76AD31}
		{28332A6A-AEA9-4005-A852-D14D24310F2F} = {1520D2AD-3757-49B3-B53D-32B3AC76AD31}
		{4769C002-D4FA-4ED7-AD70-17DE05BDACA8} = {1520D2AD-3757-49B3-B53D-32B3AC76AD31}
		{7109B35A-0C96-427D-83C3-196DC4EBE3F6} = {1520D2AD-3757-49B3-B53D-32B3AC76AD31}
		{02C3C5E1-1548-4056-B751-95C6BF442307} = {1520D2AD-3757-49B3-B53D-32B3AC76AD31}
		{48A2EC1E-3B34-4A07-9678-61C53A9EC9F9} = {1520D2AD-3757-49B3-B53D-32B3AC76AD31}
		{8FCE36A1-3041-4CDF-9570-9B139DE25AA4} = {1520D2AD-3757-49B3-B53D-32B3AC76AD31}
		{2E8B7B13-DB69-46BF-AA1C-BF740D50CB55} = {1520D2AD-3757-49B3-B53D-32B3AC76AD31}
		{07C3167C-38C3-4490-ADBC-DBD17B58913B} = {1520D2AD-3757-49B3-B53D-32B3AC76AD31}
		{A970BCB9-6843-4DA8-8D7F-196098A17FF8} = {1520D2AD-3757-49B3-B53D-32B3AC76AD31}
		{B8572C92-9C84-4270-A1C0-943A22FB1D87} = {1520D2AD-3757-49B3-B53D-32B3AC76AD31}
		{C226CCE2-D366-4C45-BEDA-8ADA804B5FB9} = {1520D2AD-3757-49B3-B53D-32B3AC76AD31}
		{9D32872C-3BF4-4065-9EC1-09A09D67C54A} = {1520D2AD-3757-49B3-B53D-32B3AC76AD31}
	EndGlobalSection
	GlobalSection(ExtensibilityGlobals) = postSolution
		SolutionGuid = {23309AE7-18D5-42D4-B632-2B6C192CAFCE}
	EndGlobalSection
EndGlobal
